
Microsoft Visual Studio Solution File, Format Version 12.00
# Visual Studio Version 16
VisualStudioVersion = 16.0.30114.105
MinimumVisualStudioVersion = 10.0.40219.1
Project("{FAE04EC0-301F-11D3-BF4B-00C04F79EFBC}") = "ProEventosNew.Application", "ProEventosNew.Application\ProEventosNew.Application.csproj", "{D80BD3D5-BA57-4367-BD21-9BA0F3909EEA}"
EndProject
Project("{FAE04EC0-301F-11D3-BF4B-00C04F79EFBC}") = "ProEventosNew.Persistence", "ProEventosNew.Persistence\ProEventosNew.Persistence.csproj", "{ECFD036F-F1F0-4AC5-A746-A8CDE0C6B9A8}"
EndProject
Project("{FAE04EC0-301F-11D3-BF4B-00C04F79EFBC}") = "ProEventosNew.API", "ProEventosNew.API\ProEventosNew.API.csproj", "{3DAD82B2-907D-40A0-BF05-8BCB0F5829A8}"
EndProject
Project("{FAE04EC0-301F-11D3-BF4B-00C04F79EFBC}") = "ProEventosNew.Domain", "ProEventosNew.Domain\ProEventosNew.Domain.csproj", "{4CE583F0-515F-4E2F-8D0E-B19CA25ACA59}"
EndProject
Global
	GlobalSection(SolutionConfigurationPlatforms) = preSolution
		Debug|Any CPU = Debug|Any CPU
		Debug|x64 = Debug|x64
		Debug|x86 = Debug|x86
		Release|Any CPU = Release|Any CPU
		Release|x64 = Release|x64
		Release|x86 = Release|x86
	EndGlobalSection
	GlobalSection(SolutionProperties) = preSolution
		HideSolutionNode = FALSE
	EndGlobalSection
	GlobalSection(ProjectConfigurationPlatforms) = postSolution
		{D80BD3D5-BA57-4367-BD21-9BA0F3909EEA}.Debug|Any CPU.ActiveCfg = Debug|Any CPU
		{D80BD3D5-BA57-4367-BD21-9BA0F3909EEA}.Debug|Any CPU.Build.0 = Debug|Any CPU
		{D80BD3D5-BA57-4367-BD21-9BA0F3909EEA}.Debug|x64.ActiveCfg = Debug|Any CPU
		{D80BD3D5-BA57-4367-BD21-9BA0F3909EEA}.Debug|x64.Build.0 = Debug|Any CPU
		{D80BD3D5-BA57-4367-BD21-9BA0F3909EEA}.Debug|x86.ActiveCfg = Debug|Any CPU
		{D80BD3D5-BA57-4367-BD21-9BA0F3909EEA}.Debug|x86.Build.0 = Debug|Any CPU
		{D80BD3D5-BA57-4367-BD21-9BA0F3909EEA}.Release|Any CPU.ActiveCfg = Release|Any CPU
		{D80BD3D5-BA57-4367-BD21-9BA0F3909EEA}.Release|Any CPU.Build.0 = Release|Any CPU
		{D80BD3D5-BA57-4367-BD21-9BA0F3909EEA}.Release|x64.ActiveCfg = Release|Any CPU
		{D80BD3D5-BA57-4367-BD21-9BA0F3909EEA}.Release|x64.Build.0 = Release|Any CPU
		{D80BD3D5-BA57-4367-BD21-9BA0F3909EEA}.Release|x86.ActiveCfg = Release|Any CPU
		{D80BD3D5-BA57-4367-BD21-9BA0F3909EEA}.Release|x86.Build.0 = Release|Any CPU
		{ECFD036F-F1F0-4AC5-A746-A8CDE0C6B9A8}.Debug|Any CPU.ActiveCfg = Debug|Any CPU
		{ECFD036F-F1F0-4AC5-A746-A8CDE0C6B9A8}.Debug|Any CPU.Build.0 = Debug|Any CPU
		{ECFD036F-F1F0-4AC5-A746-A8CDE0C6B9A8}.Debug|x64.ActiveCfg = Debug|Any CPU
		{ECFD036F-F1F0-4AC5-A746-A8CDE0C6B9A8}.Debug|x64.Build.0 = Debug|Any CPU
		{ECFD036F-F1F0-4AC5-A746-A8CDE0C6B9A8}.Debug|x86.ActiveCfg = Debug|Any CPU
		{ECFD036F-F1F0-4AC5-A746-A8CDE0C6B9A8}.Debug|x86.Build.0 = Debug|Any CPU
		{ECFD036F-F1F0-4AC5-A746-A8CDE0C6B9A8}.Release|Any CPU.ActiveCfg = Release|Any CPU
		{ECFD036F-F1F0-4AC5-A746-A8CDE0C6B9A8}.Release|Any CPU.Build.0 = Release|Any CPU
		{ECFD036F-F1F0-4AC5-A746-A8CDE0C6B9A8}.Release|x64.ActiveCfg = Release|Any CPU
		{ECFD036F-F1F0-4AC5-A746-A8CDE0C6B9A8}.Release|x64.Build.0 = Release|Any CPU
		{ECFD036F-F1F0-4AC5-A746-A8CDE0C6B9A8}.Release|x86.ActiveCfg = Release|Any CPU
		{ECFD036F-F1F0-4AC5-A746-A8CDE0C6B9A8}.Release|x86.Build.0 = Release|Any CPU
		{3DAD82B2-907D-40A0-BF05-8BCB0F5829A8}.Debug|Any CPU.ActiveCfg = Debug|Any CPU
		{3DAD82B2-907D-40A0-BF05-8BCB0F5829A8}.Debug|Any CPU.Build.0 = Debug|Any CPU
		{3DAD82B2-907D-40A0-BF05-8BCB0F5829A8}.Debug|x64.ActiveCfg = Debug|Any CPU
		{3DAD82B2-907D-40A0-BF05-8BCB0F5829A8}.Debug|x64.Build.0 = Debug|Any CPU
		{3DAD82B2-907D-40A0-BF05-8BCB0F5829A8}.Debug|x86.ActiveCfg = Debug|Any CPU
		{3DAD82B2-907D-40A0-BF05-8BCB0F5829A8}.Debug|x86.Build.0 = Debug|Any CPU
		{3DAD82B2-907D-40A0-BF05-8BCB0F5829A8}.Release|Any CPU.ActiveCfg = Release|Any CPU
		{3DAD82B2-907D-40A0-BF05-8BCB0F5829A8}.Release|Any CPU.Build.0 = Release|Any CPU
		{3DAD82B2-907D-40A0-BF05-8BCB0F5829A8}.Release|x64.ActiveCfg = Release|Any CPU
		{3DAD82B2-907D-40A0-BF05-8BCB0F5829A8}.Release|x64.Build.0 = Release|Any CPU
		{3DAD82B2-907D-40A0-BF05-8BCB0F5829A8}.Release|x86.ActiveCfg = Release|Any CPU
		{3DAD82B2-907D-40A0-BF05-8BCB0F5829A8}.Release|x86.Build.0 = Release|Any CPU
		{4CE583F0-515F-4E2F-8D0E-B19CA25ACA59}.Debug|Any CPU.ActiveCfg = Debug|Any CPU
		{4CE583F0-515F-4E2F-8D0E-B19CA25ACA59}.Debug|Any CPU.Build.0 = Debug|Any CPU
		{4CE583F0-515F-4E2F-8D0E-B19CA25ACA59}.Debug|x64.ActiveCfg = Debug|Any CPU
		{4CE583F0-515F-4E2F-8D0E-B19CA25ACA59}.Debug|x64.Build.0 = Debug|Any CPU
		{4CE583F0-515F-4E2F-8D0E-B19CA25ACA59}.Debug|x86.ActiveCfg = Debug|Any CPU
		{4CE583F0-515F-4E2F-8D0E-B19CA25ACA59}.Debug|x86.Build.0 = Debug|Any CPU
		{4CE583F0-515F-4E2F-8D0E-B19CA25ACA59}.Release|Any CPU.ActiveCfg = Release|Any CPU
		{4CE583F0-515F-4E2F-8D0E-B19CA25ACA59}.Release|Any CPU.Build.0 = Release|Any CPU
		{4CE583F0-515F-4E2F-8D0E-B19CA25ACA59}.Release|x64.ActiveCfg = Release|Any CPU
		{4CE583F0-515F-4E2F-8D0E-B19CA25ACA59}.Release|x64.Build.0 = Release|Any CPU
		{4CE583F0-515F-4E2F-8D0E-B19CA25ACA59}.Release|x86.ActiveCfg = Release|Any CPU
		{4CE583F0-515F-4E2F-8D0E-B19CA25ACA59}.Release|x86.Build.0 = Release|Any CPU
	EndGlobalSection
EndGlobal
